
Microsoft Visual Studio Solution File, Format Version 12.00
# Visual Studio Version 17
VisualStudioVersion = 17.8.34330.188
MinimumVisualStudioVersion = 10.0.40219.1
Project("{FAE04EC0-301F-11D3-BF4B-00C04F79EFBC}") = "TypyReferencyjneIWartosciowe", "TypyReferencyjneIWartosciowe\TypyReferencyjneIWartosciowe.csproj", "{7F87F3A1-0690-4122-B34C-77F173F5CCD3}"
EndProject
Global
	GlobalSection(SolutionConfigurationPlatforms) = preSolution
		Debug|Any CPU = Debug|Any CPU
		Release|Any CPU = Release|Any CPU
	EndGlobalSection
	GlobalSection(ProjectConfigurationPlatforms) = postSolution
		{7F87F3A1-0690-4122-B34C-77F173F5CCD3}.Debug|Any CPU.ActiveCfg = Debug|Any CPU
		{7F87F3A1-0690-4122-B34C-77F173F5CCD3}.Debug|Any CPU.Build.0 = Debug|Any CPU
		{7F87F3A1-0690-4122-B34C-77F173F5CCD3}.Release|Any CPU.ActiveCfg = Release|Any CPU
		{7F87F3A1-0690-4122-B34C-77F173F5CCD3}.Release|Any CPU.Build.0 = Release|Any CPU
	EndGlobalSection
	GlobalSection(SolutionProperties) = preSolution
		HideSolutionNode = FALSE
	EndGlobalSection
	GlobalSection(ExtensibilityGlobals) = postSolution
		SolutionGuid = {556A1F63-F1AD-4D91-8ACC-5EF48B73337D}
	EndGlobalSection
EndGlobal
