
Microsoft Visual Studio Solution File, Format Version 12.00
# Visual Studio Version 17
VisualStudioVersion = 17.8.34330.188
MinimumVisualStudioVersion = 10.0.40219.1
Project("{FAE04EC0-301F-11D3-BF4B-00C04F79EFBC}") = "PhoneBook", "KsiążkaTelefoniczna\PhoneBook.csproj", "{6016F4A0-C727-4736-893C-8CF6831BD5CA}"
EndProject
Global
	GlobalSection(SolutionConfigurationPlatforms) = preSolution
		Debug|Any CPU = Debug|Any CPU
		Release|Any CPU = Release|Any CPU
	EndGlobalSection
	GlobalSection(ProjectConfigurationPlatforms) = postSolution
		{6016F4A0-C727-4736-893C-8CF6831BD5CA}.Debug|Any CPU.ActiveCfg = Debug|Any CPU
		{6016F4A0-C727-4736-893C-8CF6831BD5CA}.Debug|Any CPU.Build.0 = Debug|Any CPU
		{6016F4A0-C727-4736-893C-8CF6831BD5CA}.Release|Any CPU.ActiveCfg = Release|Any CPU
		{6016F4A0-C727-4736-893C-8CF6831BD5CA}.Release|Any CPU.Build.0 = Release|Any CPU
	EndGlobalSection
	GlobalSection(SolutionProperties) = preSolution
		HideSolutionNode = FALSE
	EndGlobalSection
	GlobalSection(ExtensibilityGlobals) = postSolution
		SolutionGuid = {A8357566-12DB-42E5-B54D-3E4AB583649E}
	EndGlobalSection
EndGlobal
