
Microsoft Visual Studio Solution File, Format Version 12.00
# Visual Studio Version 17
VisualStudioVersion = 17.8.34330.188
MinimumVisualStudioVersion = 10.0.40219.1
Project("{FAE04EC0-301F-11D3-BF4B-00C04F79EFBC}") = "linq", "linq\linq.csproj", "{B41EA72F-E41A-4032-9E7B-22CAFD2A774D}"
EndProject
Global
	GlobalSection(SolutionConfigurationPlatforms) = preSolution
		Debug|Any CPU = Debug|Any CPU
		Release|Any CPU = Release|Any CPU
	EndGlobalSection
	GlobalSection(ProjectConfigurationPlatforms) = postSolution
		{B41EA72F-E41A-4032-9E7B-22CAFD2A774D}.Debug|Any CPU.ActiveCfg = Debug|Any CPU
		{B41EA72F-E41A-4032-9E7B-22CAFD2A774D}.Debug|Any CPU.Build.0 = Debug|Any CPU
		{B41EA72F-E41A-4032-9E7B-22CAFD2A774D}.Release|Any CPU.ActiveCfg = Release|Any CPU
		{B41EA72F-E41A-4032-9E7B-22CAFD2A774D}.Release|Any CPU.Build.0 = Release|Any CPU
	EndGlobalSection
	GlobalSection(SolutionProperties) = preSolution
		HideSolutionNode = FALSE
	EndGlobalSection
	GlobalSection(ExtensibilityGlobals) = postSolution
		SolutionGuid = {22C3E2F9-AA51-4AC1-BFEA-A07BF6AB7908}
	EndGlobalSection
EndGlobal
